// !$*UTF8*$!
{
	archiveVersion = 1;
	classes = {
	};
	objectVersion = 46;
	objects = {

/* Begin PBXBuildFile section */
		AC2C89BB16AC42EA00D1D711 /* CorrectionMass.m in Sources */ = {isa = PBXBuildFile; fileRef = AC2C89BA16AC42EA00D1D711 /* CorrectionMass.m */; };
		AC2C89CF16AC44CA00D1D711 /* Support.m in Sources */ = {isa = PBXBuildFile; fileRef = AC2C89CE16AC44CA00D1D711 /* Support.m */; };
		AC2C89D816AC45D200D1D711 /* Mechanism.m in Sources */ = {isa = PBXBuildFile; fileRef = AC2C89D716AC45D200D1D711 /* Mechanism.m */; };
		AC2C89DB16AC45DE00D1D711 /* Rod.m in Sources */ = {isa = PBXBuildFile; fileRef = AC2C89DA16AC45DE00D1D711 /* Rod.m */; };
		AC6F951F1685059800C4FC7F /* Model.xcdatamodeld in Sources */ = {isa = PBXBuildFile; fileRef = AC6F951D1685059800C4FC7F /* Model.xcdatamodeld */; };
		AC6F95431685C82700C4FC7F /* CoreData.framework in Frameworks */ = {isa = PBXBuildFile; fileRef = AC6F95421685C82700C4FC7F /* CoreData.framework */; };
		AC6F95491685CD9F00C4FC7F /* RodDetailsViewController.m in Sources */ = {isa = PBXBuildFile; fileRef = AC6F95471685CD9F00C4FC7F /* RodDetailsViewController.m */; };
		AC6F954A1685CD9F00C4FC7F /* RodDetailsViewController.xib in Resources */ = {isa = PBXBuildFile; fileRef = AC6F95481685CD9F00C4FC7F /* RodDetailsViewController.xib */; };
		AC6F954E1685CDDE00C4FC7F /* SupportDetailsViewController.m in Sources */ = {isa = PBXBuildFile; fileRef = AC6F954C1685CDDE00C4FC7F /* SupportDetailsViewController.m */; };
		AC6F954F1685CDDE00C4FC7F /* SupportDetailsViewController.xib in Resources */ = {isa = PBXBuildFile; fileRef = AC6F954D1685CDDE00C4FC7F /* SupportDetailsViewController.xib */; };
		AC6F955E168647D800C4FC7F /* PinnedSupport.png in Resources */ = {isa = PBXBuildFile; fileRef = AC6F955A168647D800C4FC7F /* PinnedSupport.png */; };
		AC6F955F168647D800C4FC7F /* PinnedSupport@2x.png in Resources */ = {isa = PBXBuildFile; fileRef = AC6F955B168647D800C4FC7F /* PinnedSupport@2x.png */; };
		AC6F9560168647D800C4FC7F /* RollerSupport.png in Resources */ = {isa = PBXBuildFile; fileRef = AC6F955C168647D800C4FC7F /* RollerSupport.png */; };
		AC6F9561168647D800C4FC7F /* RollerSupport@2x.png in Resources */ = {isa = PBXBuildFile; fileRef = AC6F955D168647D800C4FC7F /* RollerSupport@2x.png */; };
		AC6F95FA1697824E00C4FC7F /* PinnedSupportSmall.png in Resources */ = {isa = PBXBuildFile; fileRef = AC6F95F81697824E00C4FC7F /* PinnedSupportSmall.png */; };
		AC6F95FB1697824E00C4FC7F /* PinnedSupportSmall@2x.png in Resources */ = {isa = PBXBuildFile; fileRef = AC6F95F91697824E00C4FC7F /* PinnedSupportSmall@2x.png */; };
		AC6F95FE1697850000C4FC7F /* RollerSupportSmall.png in Resources */ = {isa = PBXBuildFile; fileRef = AC6F95FC1697850000C4FC7F /* RollerSupportSmall.png */; };
		AC6F95FF1697850000C4FC7F /* RollerSupportSmall@2x.png in Resources */ = {isa = PBXBuildFile; fileRef = AC6F95FD1697850000C4FC7F /* RollerSupportSmall@2x.png */; };
		AC6F96051697A07000C4FC7F /* Default-Landscape~ipad.png in Resources */ = {isa = PBXBuildFile; fileRef = AC6F96041697A06F00C4FC7F /* Default-Landscape~ipad.png */; };
		AC6F96071697A0B100C4FC7F /* Default-Landscape@2x~ipad.png in Resources */ = {isa = PBXBuildFile; fileRef = AC6F96061697A0B100C4FC7F /* Default-Landscape@2x~ipad.png */; };
		ACA25B6D167F737D00F3217D /* AddPopoverSecondTableViewController.m in Sources */ = {isa = PBXBuildFile; fileRef = ACA25B6C167F737D00F3217D /* AddPopoverSecondTableViewController.m */; };
		ACBA11DB167CAC1D004897D8 /* UIKit.framework in Frameworks */ = {isa = PBXBuildFile; fileRef = ACBA11DA167CAC1D004897D8 /* UIKit.framework */; };
		ACBA11DD167CAC1D004897D8 /* Foundation.framework in Frameworks */ = {isa = PBXBuildFile; fileRef = ACBA11DC167CAC1D004897D8 /* Foundation.framework */; };
		ACBA11DF167CAC1D004897D8 /* CoreGraphics.framework in Frameworks */ = {isa = PBXBuildFile; fileRef = ACBA11DE167CAC1D004897D8 /* CoreGraphics.framework */; };
		ACBA11E5167CAC1E004897D8 /* InfoPlist.strings in Resources */ = {isa = PBXBuildFile; fileRef = ACBA11E3167CAC1E004897D8 /* InfoPlist.strings */; };
		ACBA11E7167CAC1E004897D8 /* main.m in Sources */ = {isa = PBXBuildFile; fileRef = ACBA11E6167CAC1E004897D8 /* main.m */; };
		ACBA11EB167CAC1E004897D8 /* AppDelegate.m in Sources */ = {isa = PBXBuildFile; fileRef = ACBA11EA167CAC1E004897D8 /* AppDelegate.m */; };
		ACBA11ED167CAC1E004897D8 /* Default.png in Resources */ = {isa = PBXBuildFile; fileRef = ACBA11EC167CAC1E004897D8 /* Default.png */; };
		ACBA11EF167CAC1E004897D8 /* Default@2x.png in Resources */ = {isa = PBXBuildFile; fileRef = ACBA11EE167CAC1E004897D8 /* Default@2x.png */; };
		ACBA11F1167CAC1E004897D8 /* Default-568h@2x.png in Resources */ = {isa = PBXBuildFile; fileRef = ACBA11F0167CAC1E004897D8 /* Default-568h@2x.png */; };
		ACBA11F4167CAC1E004897D8 /* ViewController.m in Sources */ = {isa = PBXBuildFile; fileRef = ACBA11F3167CAC1E004897D8 /* ViewController.m */; };
		ACBA1202167CB81A004897D8 /* QuartzView.m in Sources */ = {isa = PBXBuildFile; fileRef = ACBA1201167CB81A004897D8 /* QuartzView.m */; };
		ACBA120A167D4D6C004897D8 /* AddPopoverFirstTableViewController.m in Sources */ = {isa = PBXBuildFile; fileRef = ACBA1209167D4D6C004897D8 /* AddPopoverFirstTableViewController.m */; };
		ACE732EB16AC5E7C00DA7E7A /* ModeSelectViewController.m in Sources */ = {isa = PBXBuildFile; fileRef = ACE732E916AC5E7C00DA7E7A /* ModeSelectViewController.m */; };
		ACE732EC16AC5E7C00DA7E7A /* ModeSelectViewController.xib in Resources */ = {isa = PBXBuildFile; fileRef = ACE732EA16AC5E7C00DA7E7A /* ModeSelectViewController.xib */; };
		ACE732F016AC6B1700DA7E7A /* EndPoint.m in Sources */ = {isa = PBXBuildFile; fileRef = ACE732EF16AC6B1700DA7E7A /* EndPoint.m */; };
/* End PBXBuildFile section */

/* Begin PBXFileReference section */
		AC2C89B916AC42EA00D1D711 /* CorrectionMass.h */ = {isa = PBXFileReference; fileEncoding = 4; lastKnownFileType = sourcecode.c.h; path = CorrectionMass.h; sourceTree = "<group>"; };
		AC2C89BA16AC42EA00D1D711 /* CorrectionMass.m */ = {isa = PBXFileReference; fileEncoding = 4; lastKnownFileType = sourcecode.c.objc; path = CorrectionMass.m; sourceTree = "<group>"; };
		AC2C89CD16AC44CA00D1D711 /* Support.h */ = {isa = PBXFileReference; fileEncoding = 4; lastKnownFileType = sourcecode.c.h; path = Support.h; sourceTree = "<group>"; };
		AC2C89CE16AC44CA00D1D711 /* Support.m */ = {isa = PBXFileReference; fileEncoding = 4; lastKnownFileType = sourcecode.c.objc; path = Support.m; sourceTree = "<group>"; };
		AC2C89D616AC45D200D1D711 /* Mechanism.h */ = {isa = PBXFileReference; fileEncoding = 4; lastKnownFileType = sourcecode.c.h; path = Mechanism.h; sourceTree = "<group>"; };
		AC2C89D716AC45D200D1D711 /* Mechanism.m */ = {isa = PBXFileReference; fileEncoding = 4; lastKnownFileType = sourcecode.c.objc; path = Mechanism.m; sourceTree = "<group>"; };
		AC2C89D916AC45DE00D1D711 /* Rod.h */ = {isa = PBXFileReference; fileEncoding = 4; lastKnownFileType = sourcecode.c.h; path = Rod.h; sourceTree = "<group>"; };
		AC2C89DA16AC45DE00D1D711 /* Rod.m */ = {isa = PBXFileReference; fileEncoding = 4; lastKnownFileType = sourcecode.c.objc; path = Rod.m; sourceTree = "<group>"; };
		AC6F951E1685059800C4FC7F /* Model.xcdatamodel */ = {isa = PBXFileReference; lastKnownFileType = wrapper.xcdatamodel; path = Model.xcdatamodel; sourceTree = "<group>"; };
		AC6F95421685C82700C4FC7F /* CoreData.framework */ = {isa = PBXFileReference; lastKnownFileType = wrapper.framework; name = CoreData.framework; path = System/Library/Frameworks/CoreData.framework; sourceTree = SDKROOT; };
		AC6F95461685CD9F00C4FC7F /* RodDetailsViewController.h */ = {isa = PBXFileReference; fileEncoding = 4; lastKnownFileType = sourcecode.c.h; path = RodDetailsViewController.h; sourceTree = "<group>"; };
		AC6F95471685CD9F00C4FC7F /* RodDetailsViewController.m */ = {isa = PBXFileReference; fileEncoding = 4; lastKnownFileType = sourcecode.c.objc; path = RodDetailsViewController.m; sourceTree = "<group>"; };
		AC6F95481685CD9F00C4FC7F /* RodDetailsViewController.xib */ = {isa = PBXFileReference; fileEncoding = 4; lastKnownFileType = file.xib; path = RodDetailsViewController.xib; sourceTree = "<group>"; };
		AC6F954B1685CDDE00C4FC7F /* SupportDetailsViewController.h */ = {isa = PBXFileReference; fileEncoding = 4; lastKnownFileType = sourcecode.c.h; path = SupportDetailsViewController.h; sourceTree = "<group>"; };
		AC6F954C1685CDDE00C4FC7F /* SupportDetailsViewController.m */ = {isa = PBXFileReference; fileEncoding = 4; lastKnownFileType = sourcecode.c.objc; path = SupportDetailsViewController.m; sourceTree = "<group>"; };
		AC6F954D1685CDDE00C4FC7F /* SupportDetailsViewController.xib */ = {isa = PBXFileReference; fileEncoding = 4; lastKnownFileType = file.xib; path = SupportDetailsViewController.xib; sourceTree = "<group>"; };
		AC6F955A168647D800C4FC7F /* PinnedSupport.png */ = {isa = PBXFileReference; lastKnownFileType = image.png; path = PinnedSupport.png; sourceTree = "<group>"; };
		AC6F955B168647D800C4FC7F /* PinnedSupport@2x.png */ = {isa = PBXFileReference; lastKnownFileType = image.png; path = "PinnedSupport@2x.png"; sourceTree = "<group>"; };
		AC6F955C168647D800C4FC7F /* RollerSupport.png */ = {isa = PBXFileReference; lastKnownFileType = image.png; path = RollerSupport.png; sourceTree = "<group>"; };
		AC6F955D168647D800C4FC7F /* RollerSupport@2x.png */ = {isa = PBXFileReference; lastKnownFileType = image.png; path = "RollerSupport@2x.png"; sourceTree = "<group>"; };
		AC6F95F81697824E00C4FC7F /* PinnedSupportSmall.png */ = {isa = PBXFileReference; lastKnownFileType = image.png; path = PinnedSupportSmall.png; sourceTree = "<group>"; };
		AC6F95F91697824E00C4FC7F /* PinnedSupportSmall@2x.png */ = {isa = PBXFileReference; lastKnownFileType = image.png; path = "PinnedSupportSmall@2x.png"; sourceTree = "<group>"; };
		AC6F95FC1697850000C4FC7F /* RollerSupportSmall.png */ = {isa = PBXFileReference; lastKnownFileType = image.png; path = RollerSupportSmall.png; sourceTree = "<group>"; };
		AC6F95FD1697850000C4FC7F /* RollerSupportSmall@2x.png */ = {isa = PBXFileReference; lastKnownFileType = image.png; path = "RollerSupportSmall@2x.png"; sourceTree = "<group>"; };
		AC6F96041697A06F00C4FC7F /* Default-Landscape~ipad.png */ = {isa = PBXFileReference; lastKnownFileType = image.png; path = "Default-Landscape~ipad.png"; sourceTree = "<group>"; };
		AC6F96061697A0B100C4FC7F /* Default-Landscape@2x~ipad.png */ = {isa = PBXFileReference; lastKnownFileType = image.png; path = "Default-Landscape@2x~ipad.png"; sourceTree = "<group>"; };
		ACA25B6B167F737D00F3217D /* AddPopoverSecondTableViewController.h */ = {isa = PBXFileReference; fileEncoding = 4; lastKnownFileType = sourcecode.c.h; path = AddPopoverSecondTableViewController.h; sourceTree = "<group>"; };
		ACA25B6C167F737D00F3217D /* AddPopoverSecondTableViewController.m */ = {isa = PBXFileReference; fileEncoding = 4; lastKnownFileType = sourcecode.c.objc; path = AddPopoverSecondTableViewController.m; sourceTree = "<group>"; };
		ACBA11D6167CAC1D004897D8 /* Balancing.app */ = {isa = PBXFileReference; explicitFileType = wrapper.application; includeInIndex = 0; path = Balancing.app; sourceTree = BUILT_PRODUCTS_DIR; };
		ACBA11DA167CAC1D004897D8 /* UIKit.framework */ = {isa = PBXFileReference; lastKnownFileType = wrapper.framework; name = UIKit.framework; path = System/Library/Frameworks/UIKit.framework; sourceTree = SDKROOT; };
		ACBA11DC167CAC1D004897D8 /* Foundation.framework */ = {isa = PBXFileReference; lastKnownFileType = wrapper.framework; name = Foundation.framework; path = System/Library/Frameworks/Foundation.framework; sourceTree = SDKROOT; };
		ACBA11DE167CAC1D004897D8 /* CoreGraphics.framework */ = {isa = PBXFileReference; lastKnownFileType = wrapper.framework; name = CoreGraphics.framework; path = System/Library/Frameworks/CoreGraphics.framework; sourceTree = SDKROOT; };
		ACBA11E2167CAC1E004897D8 /* Balancing-Info.plist */ = {isa = PBXFileReference; lastKnownFileType = text.plist.xml; path = "Balancing-Info.plist"; sourceTree = "<group>"; };
		ACBA11E4167CAC1E004897D8 /* en */ = {isa = PBXFileReference; lastKnownFileType = text.plist.strings; name = en; path = en.lproj/InfoPlist.strings; sourceTree = "<group>"; };
		ACBA11E6167CAC1E004897D8 /* main.m */ = {isa = PBXFileReference; lastKnownFileType = sourcecode.c.objc; path = main.m; sourceTree = "<group>"; };
		ACBA11E8167CAC1E004897D8 /* Balancing-Prefix.pch */ = {isa = PBXFileReference; lastKnownFileType = sourcecode.c.h; path = "Balancing-Prefix.pch"; sourceTree = "<group>"; };
		ACBA11E9167CAC1E004897D8 /* AppDelegate.h */ = {isa = PBXFileReference; lastKnownFileType = sourcecode.c.h; path = AppDelegate.h; sourceTree = "<group>"; };
		ACBA11EA167CAC1E004897D8 /* AppDelegate.m */ = {isa = PBXFileReference; lastKnownFileType = sourcecode.c.objc; path = AppDelegate.m; sourceTree = "<group>"; };
		ACBA11EC167CAC1E004897D8 /* Default.png */ = {isa = PBXFileReference; lastKnownFileType = image.png; path = Default.png; sourceTree = "<group>"; };
		ACBA11EE167CAC1E004897D8 /* Default@2x.png */ = {isa = PBXFileReference; lastKnownFileType = image.png; path = "Default@2x.png"; sourceTree = "<group>"; };
		ACBA11F0167CAC1E004897D8 /* Default-568h@2x.png */ = {isa = PBXFileReference; lastKnownFileType = image.png; path = "Default-568h@2x.png"; sourceTree = "<group>"; };
		ACBA11F2167CAC1E004897D8 /* ViewController.h */ = {isa = PBXFileReference; lastKnownFileType = sourcecode.c.h; path = ViewController.h; sourceTree = "<group>"; };
		ACBA11F3167CAC1E004897D8 /* ViewController.m */ = {isa = PBXFileReference; lastKnownFileType = sourcecode.c.objc; path = ViewController.m; sourceTree = "<group>"; };
		ACBA1200167CB81A004897D8 /* QuartzView.h */ = {isa = PBXFileReference; fileEncoding = 4; lastKnownFileType = sourcecode.c.h; path = QuartzView.h; sourceTree = "<group>"; };
		ACBA1201167CB81A004897D8 /* QuartzView.m */ = {isa = PBXFileReference; fileEncoding = 4; lastKnownFileType = sourcecode.c.objc; path = QuartzView.m; sourceTree = "<group>"; };
		ACBA1208167D4D6C004897D8 /* AddPopoverFirstTableViewController.h */ = {isa = PBXFileReference; fileEncoding = 4; lastKnownFileType = sourcecode.c.h; path = AddPopoverFirstTableViewController.h; sourceTree = "<group>"; };
		ACBA1209167D4D6C004897D8 /* AddPopoverFirstTableViewController.m */ = {isa = PBXFileReference; fileEncoding = 4; lastKnownFileType = sourcecode.c.objc; path = AddPopoverFirstTableViewController.m; sourceTree = "<group>"; };
		ACE732E816AC5E7C00DA7E7A /* ModeSelectViewController.h */ = {isa = PBXFileReference; fileEncoding = 4; lastKnownFileType = sourcecode.c.h; path = ModeSelectViewController.h; sourceTree = "<group>"; };
		ACE732E916AC5E7C00DA7E7A /* ModeSelectViewController.m */ = {isa = PBXFileReference; fileEncoding = 4; lastKnownFileType = sourcecode.c.objc; path = ModeSelectViewController.m; sourceTree = "<group>"; };
		ACE732EA16AC5E7C00DA7E7A /* ModeSelectViewController.xib */ = {isa = PBXFileReference; fileEncoding = 4; lastKnownFileType = file.xib; path = ModeSelectViewController.xib; sourceTree = "<group>"; };
		ACE732EE16AC6B1700DA7E7A /* EndPoint.h */ = {isa = PBXFileReference; fileEncoding = 4; lastKnownFileType = sourcecode.c.h; path = EndPoint.h; sourceTree = "<group>"; };
		ACE732EF16AC6B1700DA7E7A /* EndPoint.m */ = {isa = PBXFileReference; fileEncoding = 4; lastKnownFileType = sourcecode.c.objc; path = EndPoint.m; sourceTree = "<group>"; };
/* End PBXFileReference section */

/* Begin PBXFrameworksBuildPhase section */
		ACBA11D3167CAC1D004897D8 /* Frameworks */ = {
			isa = PBXFrameworksBuildPhase;
			buildActionMask = 2147483647;
			files = (
				AC6F95431685C82700C4FC7F /* CoreData.framework in Frameworks */,
				ACBA11DB167CAC1D004897D8 /* UIKit.framework in Frameworks */,
				ACBA11DD167CAC1D004897D8 /* Foundation.framework in Frameworks */,
				ACBA11DF167CAC1D004897D8 /* CoreGraphics.framework in Frameworks */,
			);
			runOnlyForDeploymentPostprocessing = 0;
		};
/* End PBXFrameworksBuildPhase section */

/* Begin PBXGroup section */
		AC6F95441685C85900C4FC7F /* DataClasses */ = {
			isa = PBXGroup;
			children = (
				ACE732EE16AC6B1700DA7E7A /* EndPoint.h */,
				ACE732EF16AC6B1700DA7E7A /* EndPoint.m */,
				AC2C89D616AC45D200D1D711 /* Mechanism.h */,
				AC2C89D716AC45D200D1D711 /* Mechanism.m */,
				AC2C89D916AC45DE00D1D711 /* Rod.h */,
				AC2C89DA16AC45DE00D1D711 /* Rod.m */,
				AC2C89CD16AC44CA00D1D711 /* Support.h */,
				AC2C89CE16AC44CA00D1D711 /* Support.m */,
				AC2C89B916AC42EA00D1D711 /* CorrectionMass.h */,
				AC2C89BA16AC42EA00D1D711 /* CorrectionMass.m */,
			);
			name = DataClasses;
			sourceTree = "<group>";
		};
		AC6F95451685CD1100C4FC7F /* AddPopoverViewControllers */ = {
			isa = PBXGroup;
			children = (
				ACBA1208167D4D6C004897D8 /* AddPopoverFirstTableViewController.h */,
				ACBA1209167D4D6C004897D8 /* AddPopoverFirstTableViewController.m */,
				ACA25B6B167F737D00F3217D /* AddPopoverSecondTableViewController.h */,
				ACA25B6C167F737D00F3217D /* AddPopoverSecondTableViewController.m */,
			);
			name = AddPopoverViewControllers;
			sourceTree = "<group>";
		};
		AC6F95501685CDE600C4FC7F /* DetailViewControllers */ = {
			isa = PBXGroup;
			children = (
				AC6F95461685CD9F00C4FC7F /* RodDetailsViewController.h */,
				AC6F95471685CD9F00C4FC7F /* RodDetailsViewController.m */,
				AC6F95481685CD9F00C4FC7F /* RodDetailsViewController.xib */,
				AC6F954B1685CDDE00C4FC7F /* SupportDetailsViewController.h */,
				AC6F954C1685CDDE00C4FC7F /* SupportDetailsViewController.m */,
				AC6F954D1685CDDE00C4FC7F /* SupportDetailsViewController.xib */,
			);
			name = DetailViewControllers;
			sourceTree = "<group>";
		};
		AC6F9551168641B300C4FC7F /* images */ = {
			isa = PBXGroup;
			children = (
				AC6F96041697A06F00C4FC7F /* Default-Landscape~ipad.png */,
				AC6F96061697A0B100C4FC7F /* Default-Landscape@2x~ipad.png */,
				AC6F95F81697824E00C4FC7F /* PinnedSupportSmall.png */,
				AC6F95F91697824E00C4FC7F /* PinnedSupportSmall@2x.png */,
				AC6F95FC1697850000C4FC7F /* RollerSupportSmall.png */,
				AC6F95FD1697850000C4FC7F /* RollerSupportSmall@2x.png */,
				AC6F955A168647D800C4FC7F /* PinnedSupport.png */,
				AC6F955B168647D800C4FC7F /* PinnedSupport@2x.png */,
				AC6F955C168647D800C4FC7F /* RollerSupport.png */,
				AC6F955D168647D800C4FC7F /* RollerSupport@2x.png */,
			);
			path = images;
			sourceTree = "<group>";
		};
		ACBA11CB167CAC1D004897D8 = {
			isa = PBXGroup;
			children = (
				ACBA11E0167CAC1D004897D8 /* Balancing */,
				ACBA11D9167CAC1D004897D8 /* Frameworks */,
				ACBA11D7167CAC1D004897D8 /* Products */,
			);
			sourceTree = "<group>";
		};
		ACBA11D7167CAC1D004897D8 /* Products */ = {
			isa = PBXGroup;
			children = (
				ACBA11D6167CAC1D004897D8 /* Balancing.app */,
			);
			name = Products;
			sourceTree = "<group>";
		};
		ACBA11D9167CAC1D004897D8 /* Frameworks */ = {
			isa = PBXGroup;
			children = (
				AC6F95421685C82700C4FC7F /* CoreData.framework */,
				ACBA11DA167CAC1D004897D8 /* UIKit.framework */,
				ACBA11DC167CAC1D004897D8 /* Foundation.framework */,
				ACBA11DE167CAC1D004897D8 /* CoreGraphics.framework */,
			);
			name = Frameworks;
			sourceTree = "<group>";
		};
		ACBA11E0167CAC1D004897D8 /* Balancing */ = {
			isa = PBXGroup;
			children = (
				AC6F95441685C85900C4FC7F /* DataClasses */,
				ACBA11E9167CAC1E004897D8 /* AppDelegate.h */,
				ACBA11EA167CAC1E004897D8 /* AppDelegate.m */,
				ACBA1200167CB81A004897D8 /* QuartzView.h */,
				ACBA1201167CB81A004897D8 /* QuartzView.m */,
				ACBA11F2167CAC1E004897D8 /* ViewController.h */,
				ACBA11F3167CAC1E004897D8 /* ViewController.m */,
				ACE732E816AC5E7C00DA7E7A /* ModeSelectViewController.h */,
				ACE732E916AC5E7C00DA7E7A /* ModeSelectViewController.m */,
				ACE732EA16AC5E7C00DA7E7A /* ModeSelectViewController.xib */,
				AC6F95451685CD1100C4FC7F /* AddPopoverViewControllers */,
				AC6F95501685CDE600C4FC7F /* DetailViewControllers */,
				ACBA11E1167CAC1E004897D8 /* Supporting Files */,
			);
			path = Balancing;
			sourceTree = "<group>";
		};
		ACBA11E1167CAC1E004897D8 /* Supporting Files */ = {
			isa = PBXGroup;
			children = (
				ACBA11E2167CAC1E004897D8 /* Balancing-Info.plist */,
				AC6F9551168641B300C4FC7F /* images */,
				ACBA11E3167CAC1E004897D8 /* InfoPlist.strings */,
				ACBA11E6167CAC1E004897D8 /* main.m */,
				ACBA11E8167CAC1E004897D8 /* Balancing-Prefix.pch */,
				ACBA11EC167CAC1E004897D8 /* Default.png */,
				ACBA11EE167CAC1E004897D8 /* Default@2x.png */,
				ACBA11F0167CAC1E004897D8 /* Default-568h@2x.png */,
				AC6F951D1685059800C4FC7F /* Model.xcdatamodeld */,
			);
			name = "Supporting Files";
			sourceTree = "<group>";
		};
/* End PBXGroup section */

/* Begin PBXNativeTarget section */
		ACBA11D5167CAC1D004897D8 /* Balancing */ = {
			isa = PBXNativeTarget;
			buildConfigurationList = ACBA11FA167CAC1E004897D8 /* Build configuration list for PBXNativeTarget "Balancing" */;
			buildPhases = (
				ACBA11D2167CAC1D004897D8 /* Sources */,
				ACBA11D3167CAC1D004897D8 /* Frameworks */,
				ACBA11D4167CAC1D004897D8 /* Resources */,
			);
			buildRules = (
			);
			dependencies = (
			);
			name = Balancing;
			productName = Balancing;
			productReference = ACBA11D6167CAC1D004897D8 /* Balancing.app */;
			productType = "com.apple.product-type.application";
		};
/* End PBXNativeTarget section */

/* Begin PBXProject section */
		ACBA11CD167CAC1D004897D8 /* Project object */ = {
			isa = PBXProject;
			attributes = {
				LastUpgradeCheck = 0450;
				ORGANIZATIONNAME = AGDev;
			};
			buildConfigurationList = ACBA11D0167CAC1D004897D8 /* Build configuration list for PBXProject "Balancing" */;
			compatibilityVersion = "Xcode 3.2";
			developmentRegion = English;
			hasScannedForEncodings = 0;
			knownRegions = (
				en,
			);
			mainGroup = ACBA11CB167CAC1D004897D8;
			productRefGroup = ACBA11D7167CAC1D004897D8 /* Products */;
			projectDirPath = "";
			projectRoot = "";
			targets = (
				ACBA11D5167CAC1D004897D8 /* Balancing */,
			);
		};
/* End PBXProject section */

/* Begin PBXResourcesBuildPhase section */
		ACBA11D4167CAC1D004897D8 /* Resources */ = {
			isa = PBXResourcesBuildPhase;
			buildActionMask = 2147483647;
			files = (
				ACBA11E5167CAC1E004897D8 /* InfoPlist.strings in Resources */,
				ACBA11ED167CAC1E004897D8 /* Default.png in Resources */,
				ACBA11EF167CAC1E004897D8 /* Default@2x.png in Resources */,
				ACBA11F1167CAC1E004897D8 /* Default-568h@2x.png in Resources */,
				AC6F954A1685CD9F00C4FC7F /* RodDetailsViewController.xib in Resources */,
				AC6F954F1685CDDE00C4FC7F /* SupportDetailsViewController.xib in Resources */,
				AC6F955E168647D800C4FC7F /* PinnedSupport.png in Resources */,
				AC6F955F168647D800C4FC7F /* PinnedSupport@2x.png in Resources */,
				AC6F9560168647D800C4FC7F /* RollerSupport.png in Resources */,
				AC6F9561168647D800C4FC7F /* RollerSupport@2x.png in Resources */,
				AC6F95FA1697824E00C4FC7F /* PinnedSupportSmall.png in Resources */,
				AC6F95FB1697824E00C4FC7F /* PinnedSupportSmall@2x.png in Resources */,
				AC6F95FE1697850000C4FC7F /* RollerSupportSmall.png in Resources */,
				AC6F95FF1697850000C4FC7F /* RollerSupportSmall@2x.png in Resources */,
				AC6F96051697A07000C4FC7F /* Default-Landscape~ipad.png in Resources */,
				AC6F96071697A0B100C4FC7F /* Default-Landscape@2x~ipad.png in Resources */,
				ACE732EC16AC5E7C00DA7E7A /* ModeSelectViewController.xib in Resources */,
			);
			runOnlyForDeploymentPostprocessing = 0;
		};
/* End PBXResourcesBuildPhase section */

/* Begin PBXSourcesBuildPhase section */
		ACBA11D2167CAC1D004897D8 /* Sources */ = {
			isa = PBXSourcesBuildPhase;
			buildActionMask = 2147483647;
			files = (
				ACBA11E7167CAC1E004897D8 /* main.m in Sources */,
				ACBA11EB167CAC1E004897D8 /* AppDelegate.m in Sources */,
				ACBA11F4167CAC1E004897D8 /* ViewController.m in Sources */,
				ACBA1202167CB81A004897D8 /* QuartzView.m in Sources */,
				ACBA120A167D4D6C004897D8 /* AddPopoverFirstTableViewController.m in Sources */,
				ACA25B6D167F737D00F3217D /* AddPopoverSecondTableViewController.m in Sources */,
				AC6F951F1685059800C4FC7F /* Model.xcdatamodeld in Sources */,
				AC6F95491685CD9F00C4FC7F /* RodDetailsViewController.m in Sources */,
				AC6F954E1685CDDE00C4FC7F /* SupportDetailsViewController.m in Sources */,
				AC2C89BB16AC42EA00D1D711 /* CorrectionMass.m in Sources */,
				AC2C89CF16AC44CA00D1D711 /* Support.m in Sources */,
				AC2C89D816AC45D200D1D711 /* Mechanism.m in Sources */,
				AC2C89DB16AC45DE00D1D711 /* Rod.m in Sources */,
				ACE732EB16AC5E7C00DA7E7A /* ModeSelectViewController.m in Sources */,
				ACE732F016AC6B1700DA7E7A /* EndPoint.m in Sources */,
			);
			runOnlyForDeploymentPostprocessing = 0;
		};
/* End PBXSourcesBuildPhase section */

/* Begin PBXVariantGroup section */
		ACBA11E3167CAC1E004897D8 /* InfoPlist.strings */ = {
			isa = PBXVariantGroup;
			children = (
				ACBA11E4167CAC1E004897D8 /* en */,
			);
			name = InfoPlist.strings;
			sourceTree = "<group>";
		};
/* End PBXVariantGroup section */

/* Begin XCBuildConfiguration section */
		ACBA11F8167CAC1E004897D8 /* Debug */ = {
			isa = XCBuildConfiguration;
			buildSettings = {
				ALWAYS_SEARCH_USER_PATHS = NO;
				CLANG_CXX_LANGUAGE_STANDARD = "gnu++0x";
				CLANG_CXX_LIBRARY = "libc++";
				CLANG_ENABLE_OBJC_ARC = YES;
				CLANG_WARN_EMPTY_BODY = YES;
				CLANG_WARN__DUPLICATE_METHOD_MATCH = YES;
				"CODE_SIGN_IDENTITY[sdk=iphoneos*]" = "iPhone Developer";
				COPY_PHASE_STRIP = NO;
				GCC_C_LANGUAGE_STANDARD = gnu99;
				GCC_DYNAMIC_NO_PIC = NO;
				GCC_OPTIMIZATION_LEVEL = 0;
				GCC_PREPROCESSOR_DEFINITIONS = (
					"DEBUG=1",
					"$(inherited)",
				);
				GCC_SYMBOLS_PRIVATE_EXTERN = NO;
				GCC_WARN_ABOUT_RETURN_TYPE = YES;
				GCC_WARN_UNINITIALIZED_AUTOS = YES;
				GCC_WARN_UNUSED_VARIABLE = YES;
				IPHONEOS_DEPLOYMENT_TARGET = 6.0;
				ONLY_ACTIVE_ARCH = YES;
				SDKROOT = iphoneos;
				TARGETED_DEVICE_FAMILY = 2;
			};
			name = Debug;
		};
		ACBA11F9167CAC1E004897D8 /* Release */ = {
			isa = XCBuildConfiguration;
			buildSettings = {
				ALWAYS_SEARCH_USER_PATHS = NO;
				CLANG_CXX_LANGUAGE_STANDARD = "gnu++0x";
				CLANG_CXX_LIBRARY = "libc++";
				CLANG_ENABLE_OBJC_ARC = YES;
				CLANG_WARN_EMPTY_BODY = YES;
				CLANG_WARN__DUPLICATE_METHOD_MATCH = YES;
				"CODE_SIGN_IDENTITY[sdk=iphoneos*]" = "iPhone Developer";
				COPY_PHASE_STRIP = YES;
				GCC_C_LANGUAGE_STANDARD = gnu99;
				GCC_WARN_ABOUT_RETURN_TYPE = YES;
				GCC_WARN_UNINITIALIZED_AUTOS = YES;
				GCC_WARN_UNUSED_VARIABLE = YES;
				IPHONEOS_DEPLOYMENT_TARGET = 6.0;
				OTHER_CFLAGS = "-DNS_BLOCK_ASSERTIONS=1";
				SDKROOT = iphoneos;
				TARGETED_DEVICE_FAMILY = 2;
				VALIDATE_PRODUCT = YES;
			};
			name = Release;
		};
		ACBA11FB167CAC1E004897D8 /* Debug */ = {
			isa = XCBuildConfiguration;
			buildSettings = {
				GCC_PRECOMPILE_PREFIX_HEADER = YES;
				GCC_PREFIX_HEADER = "Balancing/Balancing-Prefix.pch";
				INFOPLIST_FILE = "Balancing/Balancing-Info.plist";
				PRODUCT_NAME = "$(TARGET_NAME)";
				TARGETED_DEVICE_FAMILY = 2;
				WRAPPER_EXTENSION = app;
			};
			name = Debug;
		};
		ACBA11FC167CAC1E004897D8 /* Release */ = {
			isa = XCBuildConfiguration;
			buildSettings = {
				GCC_PRECOMPILE_PREFIX_HEADER = YES;
				GCC_PREFIX_HEADER = "Balancing/Balancing-Prefix.pch";
				INFOPLIST_FILE = "Balancing/Balancing-Info.plist";
				PRODUCT_NAME = "$(TARGET_NAME)";
				TARGETED_DEVICE_FAMILY = 2;
				WRAPPER_EXTENSION = app;
			};
			name = Release;
		};
/* End XCBuildConfiguration section */

/* Begin XCConfigurationList section */
		ACBA11D0167CAC1D004897D8 /* Build configuration list for PBXProject "Balancing" */ = {
			isa = XCConfigurationList;
			buildConfigurations = (
				ACBA11F8167CAC1E004897D8 /* Debug */,
				ACBA11F9167CAC1E004897D8 /* Release */,
			);
			defaultConfigurationIsVisible = 0;
			defaultConfigurationName = Release;
		};
		ACBA11FA167CAC1E004897D8 /* Build configuration list for PBXNativeTarget "Balancing" */ = {
			isa = XCConfigurationList;
			buildConfigurations = (
				ACBA11FB167CAC1E004897D8 /* Debug */,
				ACBA11FC167CAC1E004897D8 /* Release */,
			);
			defaultConfigurationIsVisible = 0;
			defaultConfigurationName = Release;
		};
/* End XCConfigurationList section */

/* Begin XCVersionGroup section */
		AC6F951D1685059800C4FC7F /* Model.xcdatamodeld */ = {
			isa = XCVersionGroup;
			children = (
				AC6F951E1685059800C4FC7F /* Model.xcdatamodel */,
			);
			currentVersion = AC6F951E1685059800C4FC7F /* Model.xcdatamodel */;
			path = Model.xcdatamodeld;
			sourceTree = "<group>";
			versionGroupType = wrapper.xcdatamodel;
		};
/* End XCVersionGroup section */
	};
	rootObject = ACBA11CD167CAC1D004897D8 /* Project object */;
}
